
Microsoft Visual Studio Solution File, Format Version 12.00
# Visual Studio Express 2012 for Web
Project("{FAE04EC0-301F-11D3-BF4B-00C04F79EFBC}") = "gMenu", "gMenu\gMenu.csproj", "{2FD581FD-1A03-4D2E-B58B-8CEEF847B2DD}"
EndProject
Project("{FAE04EC0-301F-11D3-BF4B-00C04F79EFBC}") = "gLibrary", "..\gLibrary\gLibrary.csproj", "{69C8DBEF-82AD-476B-8947-3BE5DB0886C1}"
EndProject
Global
	GlobalSection(SolutionConfigurationPlatforms) = preSolution
		Debug|Any CPU = Debug|Any CPU
		Release|Any CPU = Release|Any CPU
	EndGlobalSection
	GlobalSection(ProjectConfigurationPlatforms) = postSolution
		{2FD581FD-1A03-4D2E-B58B-8CEEF847B2DD}.Debug|Any CPU.ActiveCfg = Debug|Any CPU
		{2FD581FD-1A03-4D2E-B58B-8CEEF847B2DD}.Debug|Any CPU.Build.0 = Debug|Any CPU
		{2FD581FD-1A03-4D2E-B58B-8CEEF847B2DD}.Release|Any CPU.ActiveCfg = Release|Any CPU
		{2FD581FD-1A03-4D2E-B58B-8CEEF847B2DD}.Release|Any CPU.Build.0 = Release|Any CPU
		{69C8DBEF-82AD-476B-8947-3BE5DB0886C1}.Debug|Any CPU.ActiveCfg = Debug|Any CPU
		{69C8DBEF-82AD-476B-8947-3BE5DB0886C1}.Debug|Any CPU.Build.0 = Debug|Any CPU
		{69C8DBEF-82AD-476B-8947-3BE5DB0886C1}.Release|Any CPU.ActiveCfg = Release|Any CPU
		{69C8DBEF-82AD-476B-8947-3BE5DB0886C1}.Release|Any CPU.Build.0 = Release|Any CPU
	EndGlobalSection
	GlobalSection(SolutionProperties) = preSolution
		HideSolutionNode = FALSE
	EndGlobalSection
EndGlobal
